
Microsoft Visual Studio Solution File, Format Version 12.00
# Visual Studio Version 17
VisualStudioVersion = 17.13.35931.197 d17.13
MinimumVisualStudioVersion = 10.0.40219.1
Project("{FAE04EC0-301F-11D3-BF4B-00C04F79EFBC}") = "tpmod10_103022300085", "tpmod10_103022300085\tpmod10_103022300085.csproj", "{B98D643A-CC86-483D-89F4-1B29E67D8024}"
EndProject
Global
	GlobalSection(SolutionConfigurationPlatforms) = preSolution
		Debug|Any CPU = Debug|Any CPU
		Release|Any CPU = Release|Any CPU
	EndGlobalSection
	GlobalSection(ProjectConfigurationPlatforms) = postSolution
		{B98D643A-CC86-483D-89F4-1B29E67D8024}.Debug|Any CPU.ActiveCfg = Debug|Any CPU
		{B98D643A-CC86-483D-89F4-1B29E67D8024}.Debug|Any CPU.Build.0 = Debug|Any CPU
		{B98D643A-CC86-483D-89F4-1B29E67D8024}.Release|Any CPU.ActiveCfg = Release|Any CPU
		{B98D643A-CC86-483D-89F4-1B29E67D8024}.Release|Any CPU.Build.0 = Release|Any CPU
	EndGlobalSection
	GlobalSection(SolutionProperties) = preSolution
		HideSolutionNode = FALSE
	EndGlobalSection
	GlobalSection(ExtensibilityGlobals) = postSolution
		SolutionGuid = {41D766AA-370A-48F8-A3C9-D59F67882292}
	EndGlobalSection
EndGlobal
